
Microsoft Visual Studio Solution File, Format Version 12.00
# Visual Studio Version 17
VisualStudioVersion = 17.2.32630.192
MinimumVisualStudioVersion = 10.0.40219.1
Project("{2150E333-8FDC-42A3-9474-1A3956D46DE8}") = "External", "External", "{2D7EF896-CF0B-3405-9CD4-4AC42D603FC8}"
EndProject
Project("{8BC9CEB8-8B4A-11D0-8D11-00A0C91BC942}") = "CocosGame", "CocosGame.vcxproj", "{6D920C30-032C-3B01-98E7-B81691508059}"
	ProjectSection(ProjectDependencies) = postProject
		{0870AE44-0AD8-32DD-97A3-B234F2187B3C} = {0870AE44-0AD8-32DD-97A3-B234F2187B3C}
		{35C59278-5623-35BC-B0EB-4294AD4504E9} = {35C59278-5623-35BC-B0EB-4294AD4504E9}
		{B928E260-E862-3890-92F0-FD3920673AD6} = {B928E260-E862-3890-92F0-FD3920673AD6}
		{10A42ECC-079E-3307-8F0D-1CBD66F9A079} = {10A42ECC-079E-3307-8F0D-1CBD66F9A079}
		{93D82D80-37A1-3097-9EA0-12D1192EAA8F} = {93D82D80-37A1-3097-9EA0-12D1192EAA8F}
		{BA11C147-325F-3E59-92E2-DA4A7E998291} = {BA11C147-325F-3E59-92E2-DA4A7E998291}
		{1CCCF8A5-6870-3461-BE61-327C9FD54144} = {1CCCF8A5-6870-3461-BE61-327C9FD54144}
		{BC131CCC-D08D-37AE-82BF-0E0C254773DC} = {BC131CCC-D08D-37AE-82BF-0E0C254773DC}
		{A52E2D0D-791B-3857-9DE6-29158CE30D89} = {A52E2D0D-791B-3857-9DE6-29158CE30D89}
		{DB02AC52-62BA-35DB-A78E-983B370F37E8} = {DB02AC52-62BA-35DB-A78E-983B370F37E8}
		{B06AF2CC-D7E2-3A40-95F7-CCCE056305A1} = {B06AF2CC-D7E2-3A40-95F7-CCCE056305A1}
		{336C9CCC-70C7-3554-97E3-C71A94C2C01F} = {336C9CCC-70C7-3554-97E3-C71A94C2C01F}
	EndProjectSection
EndProject
Project("{8BC9CEB8-8B4A-11D0-8D11-00A0C91BC942}") = "ext_clipper", "engine\external\clipper\ext_clipper.vcxproj", "{35C59278-5623-35BC-B0EB-4294AD4504E9}"
EndProject
Project("{8BC9CEB8-8B4A-11D0-8D11-00A0C91BC942}") = "ext_convertUTF", "engine\external\ConvertUTF\ext_convertUTF.vcxproj", "{B928E260-E862-3890-92F0-FD3920673AD6}"
EndProject
Project("{8BC9CEB8-8B4A-11D0-8D11-00A0C91BC942}") = "ext_edtaa3func", "engine\external\edtaa3func\ext_edtaa3func.vcxproj", "{10A42ECC-079E-3307-8F0D-1CBD66F9A079}"
EndProject
Project("{8BC9CEB8-8B4A-11D0-8D11-00A0C91BC942}") = "ext_md5", "engine\external\md5\ext_md5.vcxproj", "{93D82D80-37A1-3097-9EA0-12D1192EAA8F}"
EndProject
Project("{8BC9CEB8-8B4A-11D0-8D11-00A0C91BC942}") = "ext_poly2tri", "engine\external\poly2tri\ext_poly2tri.vcxproj", "{BA11C147-325F-3E59-92E2-DA4A7E998291}"
EndProject
Project("{8BC9CEB8-8B4A-11D0-8D11-00A0C91BC942}") = "ext_recast", "engine\external\recast\ext_recast.vcxproj", "{1CCCF8A5-6870-3461-BE61-327C9FD54144}"
EndProject
Project("{8BC9CEB8-8B4A-11D0-8D11-00A0C91BC942}") = "ext_tinyxml2", "engine\external\tinyxml2\ext_tinyxml2.vcxproj", "{BC131CCC-D08D-37AE-82BF-0E0C254773DC}"
EndProject
Project("{8BC9CEB8-8B4A-11D0-8D11-00A0C91BC942}") = "ext_unzip", "engine\external\unzip\ext_unzip.vcxproj", "{A52E2D0D-791B-3857-9DE6-29158CE30D89}"
EndProject
Project("{8BC9CEB8-8B4A-11D0-8D11-00A0C91BC942}") = "ext_xxhash", "engine\external\xxhash\ext_xxhash.vcxproj", "{DB02AC52-62BA-35DB-A78E-983B370F37E8}"
EndProject
Project("{8BC9CEB8-8B4A-11D0-8D11-00A0C91BC942}") = "ext_xxtea", "engine\external\xxtea\ext_xxtea.vcxproj", "{B06AF2CC-D7E2-3A40-95F7-CCCE056305A1}"
EndProject
Project("{8BC9CEB8-8B4A-11D0-8D11-00A0C91BC942}") = "external", "engine\external\external.vcxproj", "{336C9CCC-70C7-3554-97E3-C71A94C2C01F}"
	ProjectSection(ProjectDependencies) = postProject
		{35C59278-5623-35BC-B0EB-4294AD4504E9} = {35C59278-5623-35BC-B0EB-4294AD4504E9}
		{B928E260-E862-3890-92F0-FD3920673AD6} = {B928E260-E862-3890-92F0-FD3920673AD6}
		{10A42ECC-079E-3307-8F0D-1CBD66F9A079} = {10A42ECC-079E-3307-8F0D-1CBD66F9A079}
		{93D82D80-37A1-3097-9EA0-12D1192EAA8F} = {93D82D80-37A1-3097-9EA0-12D1192EAA8F}
		{BA11C147-325F-3E59-92E2-DA4A7E998291} = {BA11C147-325F-3E59-92E2-DA4A7E998291}
		{1CCCF8A5-6870-3461-BE61-327C9FD54144} = {1CCCF8A5-6870-3461-BE61-327C9FD54144}
		{BC131CCC-D08D-37AE-82BF-0E0C254773DC} = {BC131CCC-D08D-37AE-82BF-0E0C254773DC}
		{A52E2D0D-791B-3857-9DE6-29158CE30D89} = {A52E2D0D-791B-3857-9DE6-29158CE30D89}
		{DB02AC52-62BA-35DB-A78E-983B370F37E8} = {DB02AC52-62BA-35DB-A78E-983B370F37E8}
		{B06AF2CC-D7E2-3A40-95F7-CCCE056305A1} = {B06AF2CC-D7E2-3A40-95F7-CCCE056305A1}
	EndProjectSection
EndProject
Project("{8BC9CEB8-8B4A-11D0-8D11-00A0C91BC942}") = "cocos2d", "..\Libraries\engine\cocos\core\cocos2d.vcxproj", "{0870AE44-0AD8-32DD-97A3-B234F2187B3C}"
EndProject
Global
	GlobalSection(SolutionConfigurationPlatforms) = preSolution
		Debug|x64 = Debug|x64
		MinSizeRel|x64 = MinSizeRel|x64
		Release|x64 = Release|x64
		RelWithDebInfo|x64 = RelWithDebInfo|x64
	EndGlobalSection
	GlobalSection(ProjectConfigurationPlatforms) = postSolution
		{6D920C30-032C-3B01-98E7-B81691508059}.Debug|x64.ActiveCfg = Debug|x64
		{6D920C30-032C-3B01-98E7-B81691508059}.Debug|x64.Build.0 = Debug|x64
		{6D920C30-032C-3B01-98E7-B81691508059}.MinSizeRel|x64.ActiveCfg = MinSizeRel|x64
		{6D920C30-032C-3B01-98E7-B81691508059}.MinSizeRel|x64.Build.0 = MinSizeRel|x64
		{6D920C30-032C-3B01-98E7-B81691508059}.Release|x64.ActiveCfg = Release|x64
		{6D920C30-032C-3B01-98E7-B81691508059}.Release|x64.Build.0 = Release|x64
		{6D920C30-032C-3B01-98E7-B81691508059}.RelWithDebInfo|x64.ActiveCfg = RelWithDebInfo|x64
		{6D920C30-032C-3B01-98E7-B81691508059}.RelWithDebInfo|x64.Build.0 = RelWithDebInfo|x64
		{35C59278-5623-35BC-B0EB-4294AD4504E9}.Debug|x64.ActiveCfg = Debug|x64
		{35C59278-5623-35BC-B0EB-4294AD4504E9}.Debug|x64.Build.0 = Debug|x64
		{35C59278-5623-35BC-B0EB-4294AD4504E9}.MinSizeRel|x64.ActiveCfg = MinSizeRel|x64
		{35C59278-5623-35BC-B0EB-4294AD4504E9}.MinSizeRel|x64.Build.0 = MinSizeRel|x64
		{35C59278-5623-35BC-B0EB-4294AD4504E9}.Release|x64.ActiveCfg = Release|x64
		{35C59278-5623-35BC-B0EB-4294AD4504E9}.Release|x64.Build.0 = Release|x64
		{35C59278-5623-35BC-B0EB-4294AD4504E9}.RelWithDebInfo|x64.ActiveCfg = RelWithDebInfo|x64
		{35C59278-5623-35BC-B0EB-4294AD4504E9}.RelWithDebInfo|x64.Build.0 = RelWithDebInfo|x64
		{B928E260-E862-3890-92F0-FD3920673AD6}.Debug|x64.ActiveCfg = Debug|x64
		{B928E260-E862-3890-92F0-FD3920673AD6}.Debug|x64.Build.0 = Debug|x64
		{B928E260-E862-3890-92F0-FD3920673AD6}.MinSizeRel|x64.ActiveCfg = MinSizeRel|x64
		{B928E260-E862-3890-92F0-FD3920673AD6}.MinSizeRel|x64.Build.0 = MinSizeRel|x64
		{B928E260-E862-3890-92F0-FD3920673AD6}.Release|x64.ActiveCfg = Release|x64
		{B928E260-E862-3890-92F0-FD3920673AD6}.Release|x64.Build.0 = Release|x64
		{B928E260-E862-3890-92F0-FD3920673AD6}.RelWithDebInfo|x64.ActiveCfg = RelWithDebInfo|x64
		{B928E260-E862-3890-92F0-FD3920673AD6}.RelWithDebInfo|x64.Build.0 = RelWithDebInfo|x64
		{10A42ECC-079E-3307-8F0D-1CBD66F9A079}.Debug|x64.ActiveCfg = Debug|x64
		{10A42ECC-079E-3307-8F0D-1CBD66F9A079}.Debug|x64.Build.0 = Debug|x64
		{10A42ECC-079E-3307-8F0D-1CBD66F9A079}.MinSizeRel|x64.ActiveCfg = MinSizeRel|x64
		{10A42ECC-079E-3307-8F0D-1CBD66F9A079}.MinSizeRel|x64.Build.0 = MinSizeRel|x64
		{10A42ECC-079E-3307-8F0D-1CBD66F9A079}.Release|x64.ActiveCfg = Release|x64
		{10A42ECC-079E-3307-8F0D-1CBD66F9A079}.Release|x64.Build.0 = Release|x64
		{10A42ECC-079E-3307-8F0D-1CBD66F9A079}.RelWithDebInfo|x64.ActiveCfg = RelWithDebInfo|x64
		{10A42ECC-079E-3307-8F0D-1CBD66F9A079}.RelWithDebInfo|x64.Build.0 = RelWithDebInfo|x64
		{93D82D80-37A1-3097-9EA0-12D1192EAA8F}.Debug|x64.ActiveCfg = Debug|x64
		{93D82D80-37A1-3097-9EA0-12D1192EAA8F}.Debug|x64.Build.0 = Debug|x64
		{93D82D80-37A1-3097-9EA0-12D1192EAA8F}.MinSizeRel|x64.ActiveCfg = MinSizeRel|x64
		{93D82D80-37A1-3097-9EA0-12D1192EAA8F}.MinSizeRel|x64.Build.0 = MinSizeRel|x64
		{93D82D80-37A1-3097-9EA0-12D1192EAA8F}.Release|x64.ActiveCfg = Release|x64
		{93D82D80-37A1-3097-9EA0-12D1192EAA8F}.Release|x64.Build.0 = Release|x64
		{93D82D80-37A1-3097-9EA0-12D1192EAA8F}.RelWithDebInfo|x64.ActiveCfg = RelWithDebInfo|x64
		{93D82D80-37A1-3097-9EA0-12D1192EAA8F}.RelWithDebInfo|x64.Build.0 = RelWithDebInfo|x64
		{BA11C147-325F-3E59-92E2-DA4A7E998291}.Debug|x64.ActiveCfg = Debug|x64
		{BA11C147-325F-3E59-92E2-DA4A7E998291}.Debug|x64.Build.0 = Debug|x64
		{BA11C147-325F-3E59-92E2-DA4A7E998291}.MinSizeRel|x64.ActiveCfg = MinSizeRel|x64
		{BA11C147-325F-3E59-92E2-DA4A7E998291}.MinSizeRel|x64.Build.0 = MinSizeRel|x64
		{BA11C147-325F-3E59-92E2-DA4A7E998291}.Release|x64.ActiveCfg = Release|x64
		{BA11C147-325F-3E59-92E2-DA4A7E998291}.Release|x64.Build.0 = Release|x64
		{BA11C147-325F-3E59-92E2-DA4A7E998291}.RelWithDebInfo|x64.ActiveCfg = RelWithDebInfo|x64
		{BA11C147-325F-3E59-92E2-DA4A7E998291}.RelWithDebInfo|x64.Build.0 = RelWithDebInfo|x64
		{1CCCF8A5-6870-3461-BE61-327C9FD54144}.Debug|x64.ActiveCfg = Debug|x64
		{1CCCF8A5-6870-3461-BE61-327C9FD54144}.Debug|x64.Build.0 = Debug|x64
		{1CCCF8A5-6870-3461-BE61-327C9FD54144}.MinSizeRel|x64.ActiveCfg = MinSizeRel|x64
		{1CCCF8A5-6870-3461-BE61-327C9FD54144}.MinSizeRel|x64.Build.0 = MinSizeRel|x64
		{1CCCF8A5-6870-3461-BE61-327C9FD54144}.Release|x64.ActiveCfg = Release|x64
		{1CCCF8A5-6870-3461-BE61-327C9FD54144}.Release|x64.Build.0 = Release|x64
		{1CCCF8A5-6870-3461-BE61-327C9FD54144}.RelWithDebInfo|x64.ActiveCfg = RelWithDebInfo|x64
		{1CCCF8A5-6870-3461-BE61-327C9FD54144}.RelWithDebInfo|x64.Build.0 = RelWithDebInfo|x64
		{BC131CCC-D08D-37AE-82BF-0E0C254773DC}.Debug|x64.ActiveCfg = Debug|x64
		{BC131CCC-D08D-37AE-82BF-0E0C254773DC}.Debug|x64.Build.0 = Debug|x64
		{BC131CCC-D08D-37AE-82BF-0E0C254773DC}.MinSizeRel|x64.ActiveCfg = MinSizeRel|x64
		{BC131CCC-D08D-37AE-82BF-0E0C254773DC}.MinSizeRel|x64.Build.0 = MinSizeRel|x64
		{BC131CCC-D08D-37AE-82BF-0E0C254773DC}.Release|x64.ActiveCfg = Release|x64
		{BC131CCC-D08D-37AE-82BF-0E0C254773DC}.Release|x64.Build.0 = Release|x64
		{BC131CCC-D08D-37AE-82BF-0E0C254773DC}.RelWithDebInfo|x64.ActiveCfg = RelWithDebInfo|x64
		{BC131CCC-D08D-37AE-82BF-0E0C254773DC}.RelWithDebInfo|x64.Build.0 = RelWithDebInfo|x64
		{A52E2D0D-791B-3857-9DE6-29158CE30D89}.Debug|x64.ActiveCfg = Debug|x64
		{A52E2D0D-791B-3857-9DE6-29158CE30D89}.Debug|x64.Build.0 = Debug|x64
		{A52E2D0D-791B-3857-9DE6-29158CE30D89}.MinSizeRel|x64.ActiveCfg = MinSizeRel|x64
		{A52E2D0D-791B-3857-9DE6-29158CE30D89}.MinSizeRel|x64.Build.0 = MinSizeRel|x64
		{A52E2D0D-791B-3857-9DE6-29158CE30D89}.Release|x64.ActiveCfg = Release|x64
		{A52E2D0D-791B-3857-9DE6-29158CE30D89}.Release|x64.Build.0 = Release|x64
		{A52E2D0D-791B-3857-9DE6-29158CE30D89}.RelWithDebInfo|x64.ActiveCfg = RelWithDebInfo|x64
		{A52E2D0D-791B-3857-9DE6-29158CE30D89}.RelWithDebInfo|x64.Build.0 = RelWithDebInfo|x64
		{DB02AC52-62BA-35DB-A78E-983B370F37E8}.Debug|x64.ActiveCfg = Debug|x64
		{DB02AC52-62BA-35DB-A78E-983B370F37E8}.Debug|x64.Build.0 = Debug|x64
		{DB02AC52-62BA-35DB-A78E-983B370F37E8}.MinSizeRel|x64.ActiveCfg = MinSizeRel|x64
		{DB02AC52-62BA-35DB-A78E-983B370F37E8}.MinSizeRel|x64.Build.0 = MinSizeRel|x64
		{DB02AC52-62BA-35DB-A78E-983B370F37E8}.Release|x64.ActiveCfg = Release|x64
		{DB02AC52-62BA-35DB-A78E-983B370F37E8}.Release|x64.Build.0 = Release|x64
		{DB02AC52-62BA-35DB-A78E-983B370F37E8}.RelWithDebInfo|x64.ActiveCfg = RelWithDebInfo|x64
		{DB02AC52-62BA-35DB-A78E-983B370F37E8}.RelWithDebInfo|x64.Build.0 = RelWithDebInfo|x64
		{B06AF2CC-D7E2-3A40-95F7-CCCE056305A1}.Debug|x64.ActiveCfg = Debug|x64
		{B06AF2CC-D7E2-3A40-95F7-CCCE056305A1}.Debug|x64.Build.0 = Debug|x64
		{B06AF2CC-D7E2-3A40-95F7-CCCE056305A1}.MinSizeRel|x64.ActiveCfg = MinSizeRel|x64
		{B06AF2CC-D7E2-3A40-95F7-CCCE056305A1}.MinSizeRel|x64.Build.0 = MinSizeRel|x64
		{B06AF2CC-D7E2-3A40-95F7-CCCE056305A1}.Release|x64.ActiveCfg = Release|x64
		{B06AF2CC-D7E2-3A40-95F7-CCCE056305A1}.Release|x64.Build.0 = Release|x64
		{B06AF2CC-D7E2-3A40-95F7-CCCE056305A1}.RelWithDebInfo|x64.ActiveCfg = RelWithDebInfo|x64
		{B06AF2CC-D7E2-3A40-95F7-CCCE056305A1}.RelWithDebInfo|x64.Build.0 = RelWithDebInfo|x64
		{336C9CCC-70C7-3554-97E3-C71A94C2C01F}.Debug|x64.ActiveCfg = Debug|x64
		{336C9CCC-70C7-3554-97E3-C71A94C2C01F}.Debug|x64.Build.0 = Debug|x64
		{336C9CCC-70C7-3554-97E3-C71A94C2C01F}.MinSizeRel|x64.ActiveCfg = MinSizeRel|x64
		{336C9CCC-70C7-3554-97E3-C71A94C2C01F}.MinSizeRel|x64.Build.0 = MinSizeRel|x64
		{336C9CCC-70C7-3554-97E3-C71A94C2C01F}.Release|x64.ActiveCfg = Release|x64
		{336C9CCC-70C7-3554-97E3-C71A94C2C01F}.Release|x64.Build.0 = Release|x64
		{336C9CCC-70C7-3554-97E3-C71A94C2C01F}.RelWithDebInfo|x64.ActiveCfg = RelWithDebInfo|x64
		{336C9CCC-70C7-3554-97E3-C71A94C2C01F}.RelWithDebInfo|x64.Build.0 = RelWithDebInfo|x64
		{0870AE44-0AD8-32DD-97A3-B234F2187B3C}.Debug|x64.ActiveCfg = Debug|x64
		{0870AE44-0AD8-32DD-97A3-B234F2187B3C}.Debug|x64.Build.0 = Debug|x64
		{0870AE44-0AD8-32DD-97A3-B234F2187B3C}.MinSizeRel|x64.ActiveCfg = MinSizeRel|x64
		{0870AE44-0AD8-32DD-97A3-B234F2187B3C}.MinSizeRel|x64.Build.0 = MinSizeRel|x64
		{0870AE44-0AD8-32DD-97A3-B234F2187B3C}.Release|x64.ActiveCfg = Release|x64
		{0870AE44-0AD8-32DD-97A3-B234F2187B3C}.Release|x64.Build.0 = Release|x64
		{0870AE44-0AD8-32DD-97A3-B234F2187B3C}.RelWithDebInfo|x64.ActiveCfg = RelWithDebInfo|x64
		{0870AE44-0AD8-32DD-97A3-B234F2187B3C}.RelWithDebInfo|x64.Build.0 = RelWithDebInfo|x64
	EndGlobalSection
	GlobalSection(SolutionProperties) = preSolution
		HideSolutionNode = FALSE
	EndGlobalSection
	GlobalSection(NestedProjects) = preSolution
		{35C59278-5623-35BC-B0EB-4294AD4504E9} = {2D7EF896-CF0B-3405-9CD4-4AC42D603FC8}
		{B928E260-E862-3890-92F0-FD3920673AD6} = {2D7EF896-CF0B-3405-9CD4-4AC42D603FC8}
		{10A42ECC-079E-3307-8F0D-1CBD66F9A079} = {2D7EF896-CF0B-3405-9CD4-4AC42D603FC8}
		{93D82D80-37A1-3097-9EA0-12D1192EAA8F} = {2D7EF896-CF0B-3405-9CD4-4AC42D603FC8}
		{BA11C147-325F-3E59-92E2-DA4A7E998291} = {2D7EF896-CF0B-3405-9CD4-4AC42D603FC8}
		{1CCCF8A5-6870-3461-BE61-327C9FD54144} = {2D7EF896-CF0B-3405-9CD4-4AC42D603FC8}
		{BC131CCC-D08D-37AE-82BF-0E0C254773DC} = {2D7EF896-CF0B-3405-9CD4-4AC42D603FC8}
		{A52E2D0D-791B-3857-9DE6-29158CE30D89} = {2D7EF896-CF0B-3405-9CD4-4AC42D603FC8}
		{DB02AC52-62BA-35DB-A78E-983B370F37E8} = {2D7EF896-CF0B-3405-9CD4-4AC42D603FC8}
		{B06AF2CC-D7E2-3A40-95F7-CCCE056305A1} = {2D7EF896-CF0B-3405-9CD4-4AC42D603FC8}
		{336C9CCC-70C7-3554-97E3-C71A94C2C01F} = {2D7EF896-CF0B-3405-9CD4-4AC42D603FC8}
	EndGlobalSection
	GlobalSection(ExtensibilityGlobals) = postSolution
		SolutionGuid = {8270BEC3-F3E9-3D6E-BB58-A00BC3029DB3}
	EndGlobalSection
EndGlobal
